
Microsoft Visual Studio Solution File, Format Version 12.00
# Visual Studio 15
VisualStudioVersion = 15.0.28010.2003
MinimumVisualStudioVersion = 10.0.40219.1
Project("{FAE04EC0-301F-11D3-BF4B-00C04F79EFBC}") = "testeComGit2", "testeComGit2\testeComGit2.csproj", "{2622BFE4-9308-4B43-898B-63432C2C5ED6}"
EndProject
Global
	GlobalSection(SolutionConfigurationPlatforms) = preSolution
		Debug|Any CPU = Debug|Any CPU
		Release|Any CPU = Release|Any CPU
	EndGlobalSection
	GlobalSection(ProjectConfigurationPlatforms) = postSolution
		{2622BFE4-9308-4B43-898B-63432C2C5ED6}.Debug|Any CPU.ActiveCfg = Debug|Any CPU
		{2622BFE4-9308-4B43-898B-63432C2C5ED6}.Debug|Any CPU.Build.0 = Debug|Any CPU
		{2622BFE4-9308-4B43-898B-63432C2C5ED6}.Release|Any CPU.ActiveCfg = Release|Any CPU
		{2622BFE4-9308-4B43-898B-63432C2C5ED6}.Release|Any CPU.Build.0 = Release|Any CPU
	EndGlobalSection
	GlobalSection(SolutionProperties) = preSolution
		HideSolutionNode = FALSE
	EndGlobalSection
	GlobalSection(ExtensibilityGlobals) = postSolution
		SolutionGuid = {8FAF9342-5DB4-42AD-BE5C-E867615E53A4}
	EndGlobalSection
EndGlobal
